// !$*UTF8*$!
{
	archiveVersion = 1;
	classes = {
	};
	objectVersion = 56;
	objects = {

/* Begin PBXBuildFile section */
		EB135F1A2C11C95700CC2BD5 /* CarouselItemView.swift in Sources */ = {isa = PBXBuildFile; fileRef = EB135F192C11C95700CC2BD5 /* CarouselItemView.swift */; };
		EB135F1C2C11CCE600CC2BD5 /* CarouselTableView.swift in Sources */ = {isa = PBXBuildFile; fileRef = EB135F1B2C11CCE600CC2BD5 /* CarouselTableView.swift */; };
		EB21C7622C1724B200563F00 /* Double+.swift in Sources */ = {isa = PBXBuildFile; fileRef = EB21C7612C1724B200563F00 /* Double+.swift */; };
		EB21C7652C173B1800563F00 /* ProductDetailView.swift in Sources */ = {isa = PBXBuildFile; fileRef = EB21C7642C173B1800563F00 /* ProductDetailView.swift */; };
		EB96ACC32C12002700C48724 /* StoreDetailView.swift in Sources */ = {isa = PBXBuildFile; fileRef = EB96ACC22C12002700C48724 /* StoreDetailView.swift */; };
		EB96ACC52C12048700C48724 /* StoreType.swift in Sources */ = {isa = PBXBuildFile; fileRef = EB96ACC42C12048700C48724 /* StoreType.swift */; };
		EB96ACC72C1204AB00C48724 /* ProductType.swift in Sources */ = {isa = PBXBuildFile; fileRef = EB96ACC62C1204AB00C48724 /* ProductType.swift */; };
		EBAC81182C10757200BFCA24 /* DeliveryOnApp.swift in Sources */ = {isa = PBXBuildFile; fileRef = EBAC81172C10757200BFCA24 /* DeliveryOnApp.swift */; };
		EBAC811A2C10757200BFCA24 /* ContentView.swift in Sources */ = {isa = PBXBuildFile; fileRef = EBAC81192C10757200BFCA24 /* ContentView.swift */; };
		EBAC811C2C10757400BFCA24 /* Assets.xcassets in Resources */ = {isa = PBXBuildFile; fileRef = EBAC811B2C10757400BFCA24 /* Assets.xcassets */; };
		EBAC811F2C10757400BFCA24 /* Preview Assets.xcassets in Resources */ = {isa = PBXBuildFile; fileRef = EBAC811E2C10757400BFCA24 /* Preview Assets.xcassets */; };
		EBAFB0E72C109EEF00B82174 /* OrderTypeView.swift in Sources */ = {isa = PBXBuildFile; fileRef = EBAFB0E62C109EEF00B82174 /* OrderTypeView.swift */; };
		EBB0F0712C11DA8500CF8A90 /* StoresItemView.swift in Sources */ = {isa = PBXBuildFile; fileRef = EBB0F0702C11DA8500CF8A90 /* StoresItemView.swift */; };
		EBB0F0732C11DE9200CF8A90 /* StoresContainerView.swift in Sources */ = {isa = PBXBuildFile; fileRef = EBB0F0722C11DE9200CF8A90 /* StoresContainerView.swift */; };
		EBE98F782C1079FC006F88AF /* NavigationBar.swift in Sources */ = {isa = PBXBuildFile; fileRef = EBE98F772C1079FC006F88AF /* NavigationBar.swift */; };
		EBE98F7B2C108522006F88AF /* OrderTypeGridView.swift in Sources */ = {isa = PBXBuildFile; fileRef = EBE98F7A2C108522006F88AF /* OrderTypeGridView.swift */; };
		EBE98F7E2C108C05006F88AF /* OrderType.swift in Sources */ = {isa = PBXBuildFile; fileRef = EBE98F7D2C108C05006F88AF /* OrderType.swift */; };
		EBE98F802C108D04006F88AF /* DataSourceMock.swift in Sources */ = {isa = PBXBuildFile; fileRef = EBE98F7F2C108D04006F88AF /* DataSourceMock.swift */; };
/* End PBXBuildFile section */

/* Begin PBXFileReference section */
		EB135F192C11C95700CC2BD5 /* CarouselItemView.swift */ = {isa = PBXFileReference; lastKnownFileType = sourcecode.swift; path = CarouselItemView.swift; sourceTree = "<group>"; };
		EB135F1B2C11CCE600CC2BD5 /* CarouselTableView.swift */ = {isa = PBXFileReference; lastKnownFileType = sourcecode.swift; path = CarouselTableView.swift; sourceTree = "<group>"; };
		EB21C7612C1724B200563F00 /* Double+.swift */ = {isa = PBXFileReference; lastKnownFileType = sourcecode.swift; path = "Double+.swift"; sourceTree = "<group>"; };
		EB21C7642C173B1800563F00 /* ProductDetailView.swift */ = {isa = PBXFileReference; lastKnownFileType = sourcecode.swift; path = ProductDetailView.swift; sourceTree = "<group>"; };
		EB96ACC22C12002700C48724 /* StoreDetailView.swift */ = {isa = PBXFileReference; lastKnownFileType = sourcecode.swift; path = StoreDetailView.swift; sourceTree = "<group>"; };
		EB96ACC42C12048700C48724 /* StoreType.swift */ = {isa = PBXFileReference; lastKnownFileType = sourcecode.swift; path = StoreType.swift; sourceTree = "<group>"; };
		EB96ACC62C1204AB00C48724 /* ProductType.swift */ = {isa = PBXFileReference; lastKnownFileType = sourcecode.swift; path = ProductType.swift; sourceTree = "<group>"; };
		EBAC81142C10757200BFCA24 /* DeliveryOn.app */ = {isa = PBXFileReference; explicitFileType = wrapper.application; includeInIndex = 0; path = DeliveryOn.app; sourceTree = BUILT_PRODUCTS_DIR; };
		EBAC81172C10757200BFCA24 /* DeliveryOnApp.swift */ = {isa = PBXFileReference; lastKnownFileType = sourcecode.swift; path = DeliveryOnApp.swift; sourceTree = "<group>"; };
		EBAC81192C10757200BFCA24 /* ContentView.swift */ = {isa = PBXFileReference; lastKnownFileType = sourcecode.swift; path = ContentView.swift; sourceTree = "<group>"; };
		EBAC811B2C10757400BFCA24 /* Assets.xcassets */ = {isa = PBXFileReference; lastKnownFileType = folder.assetcatalog; path = Assets.xcassets; sourceTree = "<group>"; };
		EBAC811E2C10757400BFCA24 /* Preview Assets.xcassets */ = {isa = PBXFileReference; lastKnownFileType = folder.assetcatalog; path = "Preview Assets.xcassets"; sourceTree = "<group>"; };
		EBAFB0E62C109EEF00B82174 /* OrderTypeView.swift */ = {isa = PBXFileReference; lastKnownFileType = sourcecode.swift; path = OrderTypeView.swift; sourceTree = "<group>"; };
		EBB0F0702C11DA8500CF8A90 /* StoresItemView.swift */ = {isa = PBXFileReference; lastKnownFileType = sourcecode.swift; path = StoresItemView.swift; sourceTree = "<group>"; };
		EBB0F0722C11DE9200CF8A90 /* StoresContainerView.swift */ = {isa = PBXFileReference; lastKnownFileType = sourcecode.swift; path = StoresContainerView.swift; sourceTree = "<group>"; };
		EBE98F772C1079FC006F88AF /* NavigationBar.swift */ = {isa = PBXFileReference; lastKnownFileType = sourcecode.swift; path = NavigationBar.swift; sourceTree = "<group>"; };
		EBE98F7A2C108522006F88AF /* OrderTypeGridView.swift */ = {isa = PBXFileReference; lastKnownFileType = sourcecode.swift; path = OrderTypeGridView.swift; sourceTree = "<group>"; };
		EBE98F7D2C108C05006F88AF /* OrderType.swift */ = {isa = PBXFileReference; lastKnownFileType = sourcecode.swift; path = OrderType.swift; sourceTree = "<group>"; };
		EBE98F7F2C108D04006F88AF /* DataSourceMock.swift */ = {isa = PBXFileReference; lastKnownFileType = sourcecode.swift; path = DataSourceMock.swift; sourceTree = "<group>"; };
/* End PBXFileReference section */

/* Begin PBXFrameworksBuildPhase section */
		EBAC81112C10757200BFCA24 /* Frameworks */ = {
			isa = PBXFrameworksBuildPhase;
			buildActionMask = 2147483647;
			files = (
			);
			runOnlyForDeploymentPostprocessing = 0;
		};
/* End PBXFrameworksBuildPhase section */

/* Begin PBXGroup section */
		EB135F182C11C91700CC2BD5 /* CarouselView */ = {
			isa = PBXGroup;
			children = (
				EB135F192C11C95700CC2BD5 /* CarouselItemView.swift */,
				EB135F1B2C11CCE600CC2BD5 /* CarouselTableView.swift */,
			);
			path = CarouselView;
			sourceTree = "<group>";
		};
		EB21C7602C17248D00563F00 /* Extensions */ = {
			isa = PBXGroup;
			children = (
				EB21C7612C1724B200563F00 /* Double+.swift */,
			);
			path = Extensions;
			sourceTree = "<group>";
		};
		EB21C7632C173AE600563F00 /* ProdcutView */ = {
			isa = PBXGroup;
			children = (
				EB21C7642C173B1800563F00 /* ProductDetailView.swift */,
			);
			path = ProdcutView;
			sourceTree = "<group>";
		};
		EBAC810B2C10757200BFCA24 = {
			isa = PBXGroup;
			children = (
				EBAC81162C10757200BFCA24 /* DeliveryOn */,
				EBAC81152C10757200BFCA24 /* Products */,
			);
			sourceTree = "<group>";
		};
		EBAC81152C10757200BFCA24 /* Products */ = {
			isa = PBXGroup;
			children = (
				EBAC81142C10757200BFCA24 /* DeliveryOn.app */,
			);
			name = Products;
			sourceTree = "<group>";
		};
		EBAC81162C10757200BFCA24 /* DeliveryOn */ = {
			isa = PBXGroup;
			children = (
				EB21C7602C17248D00563F00 /* Extensions */,
				EBE98F762C1079C9006F88AF /* App */,
				EBE98F7C2C108B16006F88AF /* Model */,
				EBE98F752C1079BC006F88AF /* NavigationBar */,
				EBE98F792C1084E8006F88AF /* GridView */,
				EB135F182C11C91700CC2BD5 /* CarouselView */,
				EBB0F06F2C11DA5500CF8A90 /* StoresView */,
				EB21C7632C173AE600563F00 /* ProdcutView */,
				EBAC811B2C10757400BFCA24 /* Assets.xcassets */,
				EBAC811D2C10757400BFCA24 /* Preview Content */,
			);
			path = DeliveryOn;
			sourceTree = "<group>";
		};
		EBAC811D2C10757400BFCA24 /* Preview Content */ = {
			isa = PBXGroup;
			children = (
				EBAC811E2C10757400BFCA24 /* Preview Assets.xcassets */,
			);
			path = "Preview Content";
			sourceTree = "<group>";
		};
		EBB0F06F2C11DA5500CF8A90 /* StoresView */ = {
			isa = PBXGroup;
			children = (
				EBB0F0702C11DA8500CF8A90 /* StoresItemView.swift */,
				EBB0F0722C11DE9200CF8A90 /* StoresContainerView.swift */,
				EB96ACC22C12002700C48724 /* StoreDetailView.swift */,
			);
			path = StoresView;
			sourceTree = "<group>";
		};
		EBE98F752C1079BC006F88AF /* NavigationBar */ = {
			isa = PBXGroup;
			children = (
				EBE98F772C1079FC006F88AF /* NavigationBar.swift */,
			);
			path = NavigationBar;
			sourceTree = "<group>";
		};
		EBE98F762C1079C9006F88AF /* App */ = {
			isa = PBXGroup;
			children = (
				EBAC81172C10757200BFCA24 /* DeliveryOnApp.swift */,
				EBAC81192C10757200BFCA24 /* ContentView.swift */,
			);
			path = App;
			sourceTree = "<group>";
		};
		EBE98F792C1084E8006F88AF /* GridView */ = {
			isa = PBXGroup;
			children = (
				EBE98F7A2C108522006F88AF /* OrderTypeGridView.swift */,
				EBAFB0E62C109EEF00B82174 /* OrderTypeView.swift */,
			);
			path = GridView;
			sourceTree = "<group>";
		};
		EBE98F7C2C108B16006F88AF /* Model */ = {
			isa = PBXGroup;
			children = (
				EBE98F7D2C108C05006F88AF /* OrderType.swift */,
				EBE98F7F2C108D04006F88AF /* DataSourceMock.swift */,
				EB96ACC42C12048700C48724 /* StoreType.swift */,
				EB96ACC62C1204AB00C48724 /* ProductType.swift */,
			);
			path = Model;
			sourceTree = "<group>";
		};
/* End PBXGroup section */

/* Begin PBXNativeTarget section */
		EBAC81132C10757200BFCA24 /* DeliveryOn */ = {
			isa = PBXNativeTarget;
			buildConfigurationList = EBAC81222C10757400BFCA24 /* Build configuration list for PBXNativeTarget "DeliveryOn" */;
			buildPhases = (
				EBAC81102C10757200BFCA24 /* Sources */,
				EBAC81112C10757200BFCA24 /* Frameworks */,
				EBAC81122C10757200BFCA24 /* Resources */,
			);
			buildRules = (
			);
			dependencies = (
			);
			name = DeliveryOn;
			productName = DeliveryOn;
			productReference = EBAC81142C10757200BFCA24 /* DeliveryOn.app */;
			productType = "com.apple.product-type.application";
		};
/* End PBXNativeTarget section */

/* Begin PBXProject section */
		EBAC810C2C10757200BFCA24 /* Project object */ = {
			isa = PBXProject;
			attributes = {
				BuildIndependentTargetsInParallel = 1;
				LastSwiftUpdateCheck = 1520;
				LastUpgradeCheck = 1520;
				TargetAttributes = {
					EBAC81132C10757200BFCA24 = {
						CreatedOnToolsVersion = 15.2;
					};
				};
			};
			buildConfigurationList = EBAC810F2C10757200BFCA24 /* Build configuration list for PBXProject "DeliveryOn" */;
			compatibilityVersion = "Xcode 14.0";
			developmentRegion = en;
			hasScannedForEncodings = 0;
			knownRegions = (
				en,
				Base,
			);
			mainGroup = EBAC810B2C10757200BFCA24;
			productRefGroup = EBAC81152C10757200BFCA24 /* Products */;
			projectDirPath = "";
			projectRoot = "";
			targets = (
				EBAC81132C10757200BFCA24 /* DeliveryOn */,
			);
		};
/* End PBXProject section */

/* Begin PBXResourcesBuildPhase section */
		EBAC81122C10757200BFCA24 /* Resources */ = {
			isa = PBXResourcesBuildPhase;
			buildActionMask = 2147483647;
			files = (
				EBAC811F2C10757400BFCA24 /* Preview Assets.xcassets in Resources */,
				EBAC811C2C10757400BFCA24 /* Assets.xcassets in Resources */,
			);
			runOnlyForDeploymentPostprocessing = 0;
		};
/* End PBXResourcesBuildPhase section */

/* Begin PBXSourcesBuildPhase section */
		EBAC81102C10757200BFCA24 /* Sources */ = {
			isa = PBXSourcesBuildPhase;
			buildActionMask = 2147483647;
			files = (
				EBE98F7E2C108C05006F88AF /* OrderType.swift in Sources */,
				EB21C7652C173B1800563F00 /* ProductDetailView.swift in Sources */,
				EB96ACC72C1204AB00C48724 /* ProductType.swift in Sources */,
				EB135F1A2C11C95700CC2BD5 /* CarouselItemView.swift in Sources */,
				EB135F1C2C11CCE600CC2BD5 /* CarouselTableView.swift in Sources */,
				EB21C7622C1724B200563F00 /* Double+.swift in Sources */,
				EBAC811A2C10757200BFCA24 /* ContentView.swift in Sources */,
				EBB0F0732C11DE9200CF8A90 /* StoresContainerView.swift in Sources */,
				EBE98F802C108D04006F88AF /* DataSourceMock.swift in Sources */,
				EBB0F0712C11DA8500CF8A90 /* StoresItemView.swift in Sources */,
				EB96ACC32C12002700C48724 /* StoreDetailView.swift in Sources */,
				EBAFB0E72C109EEF00B82174 /* OrderTypeView.swift in Sources */,
				EBE98F7B2C108522006F88AF /* OrderTypeGridView.swift in Sources */,
				EBAC81182C10757200BFCA24 /* DeliveryOnApp.swift in Sources */,
				EB96ACC52C12048700C48724 /* StoreType.swift in Sources */,
				EBE98F782C1079FC006F88AF /* NavigationBar.swift in Sources */,
			);
			runOnlyForDeploymentPostprocessing = 0;
		};
/* End PBXSourcesBuildPhase section */

/* Begin XCBuildConfiguration section */
		EBAC81202C10757400BFCA24 /* Debug */ = {
			isa = XCBuildConfiguration;
			buildSettings = {
				ALWAYS_SEARCH_USER_PATHS = NO;
				ASSETCATALOG_COMPILER_GENERATE_SWIFT_ASSET_SYMBOL_EXTENSIONS = YES;
				CLANG_ANALYZER_NONNULL = YES;
				CLANG_ANALYZER_NUMBER_OBJECT_CONVERSION = YES_AGGRESSIVE;
				CLANG_CXX_LANGUAGE_STANDARD = "gnu++20";
				CLANG_ENABLE_MODULES = YES;
				CLANG_ENABLE_OBJC_ARC = YES;
				CLANG_ENABLE_OBJC_WEAK = YES;
				CLANG_WARN_BLOCK_CAPTURE_AUTORELEASING = YES;
				CLANG_WARN_BOOL_CONVERSION = YES;
				CLANG_WARN_COMMA = YES;
				CLANG_WARN_CONSTANT_CONVERSION = YES;
				CLANG_WARN_DEPRECATED_OBJC_IMPLEMENTATIONS = YES;
				CLANG_WARN_DIRECT_OBJC_ISA_USAGE = YES_ERROR;
				CLANG_WARN_DOCUMENTATION_COMMENTS = YES;
				CLANG_WARN_EMPTY_BODY = YES;
				CLANG_WARN_ENUM_CONVERSION = YES;
				CLANG_WARN_INFINITE_RECURSION = YES;
				CLANG_WARN_INT_CONVERSION = YES;
				CLANG_WARN_NON_LITERAL_NULL_CONVERSION = YES;
				CLANG_WARN_OBJC_IMPLICIT_RETAIN_SELF = YES;
				CLANG_WARN_OBJC_LITERAL_CONVERSION = YES;
				CLANG_WARN_OBJC_ROOT_CLASS = YES_ERROR;
				CLANG_WARN_QUOTED_INCLUDE_IN_FRAMEWORK_HEADER = YES;
				CLANG_WARN_RANGE_LOOP_ANALYSIS = YES;
				CLANG_WARN_STRICT_PROTOTYPES = YES;
				CLANG_WARN_SUSPICIOUS_MOVE = YES;
				CLANG_WARN_UNGUARDED_AVAILABILITY = YES_AGGRESSIVE;
				CLANG_WARN_UNREACHABLE_CODE = YES;
				CLANG_WARN__DUPLICATE_METHOD_MATCH = YES;
				COPY_PHASE_STRIP = NO;
				DEBUG_INFORMATION_FORMAT = dwarf;
				ENABLE_STRICT_OBJC_MSGSEND = YES;
				ENABLE_TESTABILITY = YES;
				ENABLE_USER_SCRIPT_SANDBOXING = YES;
				GCC_C_LANGUAGE_STANDARD = gnu17;
				GCC_DYNAMIC_NO_PIC = NO;
				GCC_NO_COMMON_BLOCKS = YES;
				GCC_OPTIMIZATION_LEVEL = 0;
				GCC_PREPROCESSOR_DEFINITIONS = (
					"DEBUG=1",
					"$(inherited)",
				);
				GCC_WARN_64_TO_32_BIT_CONVERSION = YES;
				GCC_WARN_ABOUT_RETURN_TYPE = YES_ERROR;
				GCC_WARN_UNDECLARED_SELECTOR = YES;
				GCC_WARN_UNINITIALIZED_AUTOS = YES_AGGRESSIVE;
				GCC_WARN_UNUSED_FUNCTION = YES;
				GCC_WARN_UNUSED_VARIABLE = YES;
				IPHONEOS_DEPLOYMENT_TARGET = 17.2;
				LOCALIZATION_PREFERS_STRING_CATALOGS = YES;
				MTL_ENABLE_DEBUG_INFO = INCLUDE_SOURCE;
				MTL_FAST_MATH = YES;
				ONLY_ACTIVE_ARCH = YES;
				SDKROOT = iphoneos;
				SWIFT_ACTIVE_COMPILATION_CONDITIONS = "DEBUG $(inherited)";
				SWIFT_OPTIMIZATION_LEVEL = "-Onone";
			};
			name = Debug;
		};
		EBAC81212C10757400BFCA24 /* Release */ = {
			isa = XCBuildConfiguration;
			buildSettings = {
				ALWAYS_SEARCH_USER_PATHS = NO;
				ASSETCATALOG_COMPILER_GENERATE_SWIFT_ASSET_SYMBOL_EXTENSIONS = YES;
				CLANG_ANALYZER_NONNULL = YES;
				CLANG_ANALYZER_NUMBER_OBJECT_CONVERSION = YES_AGGRESSIVE;
				CLANG_CXX_LANGUAGE_STANDARD = "gnu++20";
				CLANG_ENABLE_MODULES = YES;
				CLANG_ENABLE_OBJC_ARC = YES;
				CLANG_ENABLE_OBJC_WEAK = YES;
				CLANG_WARN_BLOCK_CAPTURE_AUTORELEASING = YES;
				CLANG_WARN_BOOL_CONVERSION = YES;
				CLANG_WARN_COMMA = YES;
				CLANG_WARN_CONSTANT_CONVERSION = YES;
				CLANG_WARN_DEPRECATED_OBJC_IMPLEMENTATIONS = YES;
				CLANG_WARN_DIRECT_OBJC_ISA_USAGE = YES_ERROR;
				CLANG_WARN_DOCUMENTATION_COMMENTS = YES;
				CLANG_WARN_EMPTY_BODY = YES;
				CLANG_WARN_ENUM_CONVERSION = YES;
				CLANG_WARN_INFINITE_RECURSION = YES;
				CLANG_WARN_INT_CONVERSION = YES;
				CLANG_WARN_NON_LITERAL_NULL_CONVERSION = YES;
				CLANG_WARN_OBJC_IMPLICIT_RETAIN_SELF = YES;
				CLANG_WARN_OBJC_LITERAL_CONVERSION = YES;
				CLANG_WARN_OBJC_ROOT_CLASS = YES_ERROR;
				CLANG_WARN_QUOTED_INCLUDE_IN_FRAMEWORK_HEADER = YES;
				CLANG_WARN_RANGE_LOOP_ANALYSIS = YES;
				CLANG_WARN_STRICT_PROTOTYPES = YES;
				CLANG_WARN_SUSPICIOUS_MOVE = YES;
				CLANG_WARN_UNGUARDED_AVAILABILITY = YES_AGGRESSIVE;
				CLANG_WARN_UNREACHABLE_CODE = YES;
				CLANG_WARN__DUPLICATE_METHOD_MATCH = YES;
				COPY_PHASE_STRIP = NO;
				DEBUG_INFORMATION_FORMAT = "dwarf-with-dsym";
				ENABLE_NS_ASSERTIONS = NO;
				ENABLE_STRICT_OBJC_MSGSEND = YES;
				ENABLE_USER_SCRIPT_SANDBOXING = YES;
				GCC_C_LANGUAGE_STANDARD = gnu17;
				GCC_NO_COMMON_BLOCKS = YES;
				GCC_WARN_64_TO_32_BIT_CONVERSION = YES;
				GCC_WARN_ABOUT_RETURN_TYPE = YES_ERROR;
				GCC_WARN_UNDECLARED_SELECTOR = YES;
				GCC_WARN_UNINITIALIZED_AUTOS = YES_AGGRESSIVE;
				GCC_WARN_UNUSED_FUNCTION = YES;
				GCC_WARN_UNUSED_VARIABLE = YES;
				IPHONEOS_DEPLOYMENT_TARGET = 17.2;
				LOCALIZATION_PREFERS_STRING_CATALOGS = YES;
				MTL_ENABLE_DEBUG_INFO = NO;
				MTL_FAST_MATH = YES;
				SDKROOT = iphoneos;
				SWIFT_COMPILATION_MODE = wholemodule;
				VALIDATE_PRODUCT = YES;
			};
			name = Release;
		};
		EBAC81232C10757400BFCA24 /* Debug */ = {
			isa = XCBuildConfiguration;
			buildSettings = {
				ASSETCATALOG_COMPILER_APPICON_NAME = AppIcon;
				ASSETCATALOG_COMPILER_GLOBAL_ACCENT_COLOR_NAME = AccentColor;
				CODE_SIGN_STYLE = Automatic;
				CURRENT_PROJECT_VERSION = 1;
				DEVELOPMENT_ASSET_PATHS = "\"DeliveryOn/Preview Content\"";
				ENABLE_PREVIEWS = YES;
				GENERATE_INFOPLIST_FILE = YES;
				INFOPLIST_KEY_UIApplicationSceneManifest_Generation = YES;
				INFOPLIST_KEY_UIApplicationSupportsIndirectInputEvents = YES;
				INFOPLIST_KEY_UILaunchScreen_Generation = YES;
				INFOPLIST_KEY_UISupportedInterfaceOrientations_iPad = "UIInterfaceOrientationPortrait UIInterfaceOrientationPortraitUpsideDown UIInterfaceOrientationLandscapeLeft UIInterfaceOrientationLandscapeRight";
				INFOPLIST_KEY_UISupportedInterfaceOrientations_iPhone = "UIInterfaceOrientationPortrait UIInterfaceOrientationLandscapeLeft UIInterfaceOrientationLandscapeRight";
				IPHONEOS_DEPLOYMENT_TARGET = 17.2;
				LD_RUNPATH_SEARCH_PATHS = (
					"$(inherited)",
					"@executable_path/Frameworks",
				);
				MARKETING_VERSION = 1.0;
				PRODUCT_BUNDLE_IDENTIFIER = Cecilia.Reis.DeliveryOn;
				PRODUCT_NAME = "$(TARGET_NAME)";
				SWIFT_EMIT_LOC_STRINGS = YES;
				SWIFT_VERSION = 5.0;
				TARGETED_DEVICE_FAMILY = "1,2";
			};
			name = Debug;
		};
		EBAC81242C10757400BFCA24 /* Release */ = {
			isa = XCBuildConfiguration;
			buildSettings = {
				ASSETCATALOG_COMPILER_APPICON_NAME = AppIcon;
				ASSETCATALOG_COMPILER_GLOBAL_ACCENT_COLOR_NAME = AccentColor;
				CODE_SIGN_STYLE = Automatic;
				CURRENT_PROJECT_VERSION = 1;
				DEVELOPMENT_ASSET_PATHS = "\"DeliveryOn/Preview Content\"";
				ENABLE_PREVIEWS = YES;
				GENERATE_INFOPLIST_FILE = YES;
				INFOPLIST_KEY_UIApplicationSceneManifest_Generation = YES;
				INFOPLIST_KEY_UIApplicationSupportsIndirectInputEvents = YES;
				INFOPLIST_KEY_UILaunchScreen_Generation = YES;
				INFOPLIST_KEY_UISupportedInterfaceOrientations_iPad = "UIInterfaceOrientationPortrait UIInterfaceOrientationPortraitUpsideDown UIInterfaceOrientationLandscapeLeft UIInterfaceOrientationLandscapeRight";
				INFOPLIST_KEY_UISupportedInterfaceOrientations_iPhone = "UIInterfaceOrientationPortrait UIInterfaceOrientationLandscapeLeft UIInterfaceOrientationLandscapeRight";
				IPHONEOS_DEPLOYMENT_TARGET = 17.2;
				LD_RUNPATH_SEARCH_PATHS = (
					"$(inherited)",
					"@executable_path/Frameworks",
				);
				MARKETING_VERSION = 1.0;
				PRODUCT_BUNDLE_IDENTIFIER = Cecilia.Reis.DeliveryOn;
				PRODUCT_NAME = "$(TARGET_NAME)";
				SWIFT_EMIT_LOC_STRINGS = YES;
				SWIFT_VERSION = 5.0;
				TARGETED_DEVICE_FAMILY = "1,2";
			};
			name = Release;
		};
/* End XCBuildConfiguration section */

/* Begin XCConfigurationList section */
		EBAC810F2C10757200BFCA24 /* Build configuration list for PBXProject "DeliveryOn" */ = {
			isa = XCConfigurationList;
			buildConfigurations = (
				EBAC81202C10757400BFCA24 /* Debug */,
				EBAC81212C10757400BFCA24 /* Release */,
			);
			defaultConfigurationIsVisible = 0;
			defaultConfigurationName = Release;
		};
		EBAC81222C10757400BFCA24 /* Build configuration list for PBXNativeTarget "DeliveryOn" */ = {
			isa = XCConfigurationList;
			buildConfigurations = (
				EBAC81232C10757400BFCA24 /* Debug */,
				EBAC81242C10757400BFCA24 /* Release */,
			);
			defaultConfigurationIsVisible = 0;
			defaultConfigurationName = Release;
		};
/* End XCConfigurationList section */
	};
	rootObject = EBAC810C2C10757200BFCA24 /* Project object */;
}
